
Microsoft Visual Studio Solution File, Format Version 12.00
# Visual Studio 15
VisualStudioVersion = 15.0.36324.19
MinimumVisualStudioVersion = 10.0.40219.1
Project("{FAE04EC0-301F-11D3-BF4B-00C04F79EFBC}") = "YüzmeAntrenmanıPlanlama", "YüzmeAntrenmanıPlanlama\YüzmeAntrenmanıPlanlama.csproj", "{6912C730-9969-4C04-BA42-96C11B343780}"
EndProject
Global
	GlobalSection(SolutionConfigurationPlatforms) = preSolution
		Debug|Any CPU = Debug|Any CPU
		Release|Any CPU = Release|Any CPU
	EndGlobalSection
	GlobalSection(ProjectConfigurationPlatforms) = postSolution
		{6912C730-9969-4C04-BA42-96C11B343780}.Debug|Any CPU.ActiveCfg = Debug|Any CPU
		{6912C730-9969-4C04-BA42-96C11B343780}.Debug|Any CPU.Build.0 = Debug|Any CPU
		{6912C730-9969-4C04-BA42-96C11B343780}.Release|Any CPU.ActiveCfg = Release|Any CPU
		{6912C730-9969-4C04-BA42-96C11B343780}.Release|Any CPU.Build.0 = Release|Any CPU
	EndGlobalSection
	GlobalSection(SolutionProperties) = preSolution
		HideSolutionNode = FALSE
	EndGlobalSection
	GlobalSection(ExtensibilityGlobals) = postSolution
		SolutionGuid = {71DE5FB4-7CCE-408C-A42B-E4C27071A616}
	EndGlobalSection
EndGlobal
